
Microsoft Visual Studio Solution File, Format Version 12.00
# Visual Studio Version 17
VisualStudioVersion = 17.10.35122.118
MinimumVisualStudioVersion = 10.0.40219.1
Project("{FAE04EC0-301F-11D3-BF4B-00C04F79EFBC}") = "HW02", "HW02\HW02.csproj", "{415552F8-7D91-46FB-98E9-A7BE6E069AE7}"
EndProject
Global
	GlobalSection(SolutionConfigurationPlatforms) = preSolution
		Debug|Any CPU = Debug|Any CPU
		Release|Any CPU = Release|Any CPU
	EndGlobalSection
	GlobalSection(ProjectConfigurationPlatforms) = postSolution
		{415552F8-7D91-46FB-98E9-A7BE6E069AE7}.Debug|Any CPU.ActiveCfg = Debug|Any CPU
		{415552F8-7D91-46FB-98E9-A7BE6E069AE7}.Debug|Any CPU.Build.0 = Debug|Any CPU
		{415552F8-7D91-46FB-98E9-A7BE6E069AE7}.Release|Any CPU.ActiveCfg = Release|Any CPU
		{415552F8-7D91-46FB-98E9-A7BE6E069AE7}.Release|Any CPU.Build.0 = Release|Any CPU
	EndGlobalSection
	GlobalSection(SolutionProperties) = preSolution
		HideSolutionNode = FALSE
	EndGlobalSection
	GlobalSection(ExtensibilityGlobals) = postSolution
		SolutionGuid = {EB69C7A7-D31B-475F-B078-7080F2A41471}
	EndGlobalSection
EndGlobal
